
Microsoft Visual Studio Solution File, Format Version 12.00
# Visual Studio Version 16
VisualStudioVersion = 16.0.31515.178
MinimumVisualStudioVersion = 10.0.40219.1
Project("{FAE04EC0-301F-11D3-BF4B-00C04F79EFBC}") = "AzureFunctionQueue", "AzureFunctionQueue\AzureFunctionQueue.csproj", "{A9C5F765-6288-4480-995D-2E058D012977}"
EndProject
Global
	GlobalSection(SolutionConfigurationPlatforms) = preSolution
		Debug|Any CPU = Debug|Any CPU
		Release|Any CPU = Release|Any CPU
	EndGlobalSection
	GlobalSection(ProjectConfigurationPlatforms) = postSolution
		{A9C5F765-6288-4480-995D-2E058D012977}.Debug|Any CPU.ActiveCfg = Debug|Any CPU
		{A9C5F765-6288-4480-995D-2E058D012977}.Debug|Any CPU.Build.0 = Debug|Any CPU
		{A9C5F765-6288-4480-995D-2E058D012977}.Release|Any CPU.ActiveCfg = Release|Any CPU
		{A9C5F765-6288-4480-995D-2E058D012977}.Release|Any CPU.Build.0 = Release|Any CPU
	EndGlobalSection
	GlobalSection(SolutionProperties) = preSolution
		HideSolutionNode = FALSE
	EndGlobalSection
	GlobalSection(ExtensibilityGlobals) = postSolution
		SolutionGuid = {010C3195-3C31-4528-86CB-5F8F154F88F0}
	EndGlobalSection
EndGlobal
